# This file is automatically @generated by Cargo.
# It is not intended for manual editing.
version = 3

[[package]]
name = "rcut-lib"
version = "0.0.51"
dependencies = [
 "rtools-traits",
]

[[package]]
name = "rtools-traits"
version = "0.0.51"
source = "registry+https://github.com/rust-lang/crates.io-index"
checksum = "6b5241b8e9330d62da2188f4de8d497e2bc17aaa379d56b96bc4553b66cd0404"
